
Microsoft Visual Studio Solution File, Format Version 12.00
# Visual Studio Version 17
VisualStudioVersion = 17.1.32414.318
MinimumVisualStudioVersion = 10.0.40219.1
Project("{9A19103F-16F7-4668-BE54-9A1E7A4F7556}") = "Auth.Basic", "Auth.Basic\Auth.Basic.csproj", "{A3C4E0A1-8D9E-499D-BE73-EF0411426F23}"
EndProject
Project("{9A19103F-16F7-4668-BE54-9A1E7A4F7556}") = "Auth.Roles", "Auth.Roles\Auth.Roles.csproj", "{8656EB1E-E07E-4775-B9E3-FB1396ED544A}"
EndProject
Project("{9A19103F-16F7-4668-BE54-9A1E7A4F7556}") = "Auth.Identity", "Auth.Identity\Auth.Identity.csproj", "{CD5EECB0-1419-4FC8-9412-AEB3E4533713}"
EndProject
Project("{2150E333-8FDC-42A3-9474-1A3956D46DE8}") = "Basic", "Basic", "{8F44A362-2654-4415-89F2-FB65CC81FAC4}"
EndProject
Global
	GlobalSection(SolutionConfigurationPlatforms) = preSolution
		Debug|Any CPU = Debug|Any CPU
		Release|Any CPU = Release|Any CPU
	EndGlobalSection
	GlobalSection(ProjectConfigurationPlatforms) = postSolution
		{A3C4E0A1-8D9E-499D-BE73-EF0411426F23}.Debug|Any CPU.ActiveCfg = Debug|Any CPU
		{A3C4E0A1-8D9E-499D-BE73-EF0411426F23}.Debug|Any CPU.Build.0 = Debug|Any CPU
		{A3C4E0A1-8D9E-499D-BE73-EF0411426F23}.Release|Any CPU.ActiveCfg = Release|Any CPU
		{A3C4E0A1-8D9E-499D-BE73-EF0411426F23}.Release|Any CPU.Build.0 = Release|Any CPU
		{8656EB1E-E07E-4775-B9E3-FB1396ED544A}.Debug|Any CPU.ActiveCfg = Debug|Any CPU
		{8656EB1E-E07E-4775-B9E3-FB1396ED544A}.Debug|Any CPU.Build.0 = Debug|Any CPU
		{8656EB1E-E07E-4775-B9E3-FB1396ED544A}.Release|Any CPU.ActiveCfg = Release|Any CPU
		{8656EB1E-E07E-4775-B9E3-FB1396ED544A}.Release|Any CPU.Build.0 = Release|Any CPU
		{CD5EECB0-1419-4FC8-9412-AEB3E4533713}.Debug|Any CPU.ActiveCfg = Debug|Any CPU
		{CD5EECB0-1419-4FC8-9412-AEB3E4533713}.Debug|Any CPU.Build.0 = Debug|Any CPU
		{CD5EECB0-1419-4FC8-9412-AEB3E4533713}.Release|Any CPU.ActiveCfg = Release|Any CPU
		{CD5EECB0-1419-4FC8-9412-AEB3E4533713}.Release|Any CPU.Build.0 = Release|Any CPU
	EndGlobalSection
	GlobalSection(SolutionProperties) = preSolution
		HideSolutionNode = FALSE
	EndGlobalSection
	GlobalSection(NestedProjects) = preSolution
		{A3C4E0A1-8D9E-499D-BE73-EF0411426F23} = {8F44A362-2654-4415-89F2-FB65CC81FAC4}
		{8656EB1E-E07E-4775-B9E3-FB1396ED544A} = {8F44A362-2654-4415-89F2-FB65CC81FAC4}
		{CD5EECB0-1419-4FC8-9412-AEB3E4533713} = {8F44A362-2654-4415-89F2-FB65CC81FAC4}
	EndGlobalSection
	GlobalSection(ExtensibilityGlobals) = postSolution
		SolutionGuid = {950468D8-0884-47AE-9B4C-88709E02020A}
	EndGlobalSection
EndGlobal
